
Microsoft Visual Studio Solution File, Format Version 12.00
# Visual Studio Version 16
VisualStudioVersion = 16.0.31911.196
MinimumVisualStudioVersion = 10.0.40219.1
Project("{FAE04EC0-301F-11D3-BF4B-00C04F79EFBC}") = "RichTextBox", "RichTextBox\RichTextBox.csproj", "{1BD77D80-5C7B-46F8-B696-B1D3982BDD07}"
EndProject
Global
	GlobalSection(SolutionConfigurationPlatforms) = preSolution
		Debug|Any CPU = Debug|Any CPU
		Release|Any CPU = Release|Any CPU
	EndGlobalSection
	GlobalSection(ProjectConfigurationPlatforms) = postSolution
		{1BD77D80-5C7B-46F8-B696-B1D3982BDD07}.Debug|Any CPU.ActiveCfg = Debug|Any CPU
		{1BD77D80-5C7B-46F8-B696-B1D3982BDD07}.Debug|Any CPU.Build.0 = Debug|Any CPU
		{1BD77D80-5C7B-46F8-B696-B1D3982BDD07}.Release|Any CPU.ActiveCfg = Release|Any CPU
		{1BD77D80-5C7B-46F8-B696-B1D3982BDD07}.Release|Any CPU.Build.0 = Release|Any CPU
	EndGlobalSection
	GlobalSection(SolutionProperties) = preSolution
		HideSolutionNode = FALSE
	EndGlobalSection
	GlobalSection(ExtensibilityGlobals) = postSolution
		SolutionGuid = {2D577494-1BB6-43DD-9DD5-671223D8D0E3}
	EndGlobalSection
EndGlobal
